{
    "name": "innofurn",
    "lockfileVersion": 3,
    "requires": true,
    "packages": {
        "": {
            "dependencies": {
                "-": "^0.0.1",
                "@apollo/client": "^3.8.7",
                "alpinejs": "^3.13.4",
                "apollo-link": "^1.2.14",
                "graphql-tag": "^2.12.6",
                "js-cookie": "^3.0.5",
                "laravel-echo": "^1.15.3",
                "react": "^18.2.0",
                "save": "^2.9.0"
            },
            "devDependencies": {
                "axios": "^1.1.2",
                "laravel-vite-plugin": "^0.8.0",
                "pusher-js": "^8.3.0",
                "vite": "^4.0.0"
            }
        },
        "node_modules/-": {
            "version": "0.0.1",
            "license": "UNLICENSED"
        },
        "node_modules/@apollo/client": {
            "version": "3.8.7",
            "license": "MIT",
            "dependencies": {
                "@graphql-typed-document-node/core": "^3.1.1",
                "@wry/context": "^0.7.3",
                "@wry/equality": "^0.5.6",
                "@wry/trie": "^0.4.3",
                "graphql-tag": "^2.12.6",
                "hoist-non-react-statics": "^3.3.2",
                "optimism": "^0.17.5",
                "prop-types": "^15.7.2",
                "response-iterator": "^0.2.6",
                "symbol-observable": "^4.0.0",
                "ts-invariant": "^0.10.3",
                "tslib": "^2.3.0",
                "zen-observable-ts": "^1.2.5"
            },
            "peerDependencies": {
                "graphql": "^14.0.0 || ^15.0.0 || ^16.0.0",
                "graphql-ws": "^5.5.5",
                "react": "^16.8.0 || ^17.0.0 || ^18.0.0",
                "react-dom": "^16.8.0 || ^17.0.0 || ^18.0.0",
                "subscriptions-transport-ws": "^0.9.0 || ^0.11.0"
            },
            "peerDependenciesMeta": {
                "graphql-ws": {
                    "optional": true
                },
                "react": {
                    "optional": true
                },
                "react-dom": {
                    "optional": true
                },
                "subscriptions-transport-ws": {
                    "optional": true
                }
            }
        },
        "node_modules/@esbuild/darwin-arm64": {
            "version": "0.18.20",
            "cpu": [
                "arm64"
            ],
            "dev": true,
            "license": "MIT",
            "optional": true,
            "os": [
                "darwin"
            ],
            "engines": {
                "node": ">=12"
            }
        },
        "node_modules/@graphql-typed-document-node/core": {
            "version": "3.2.0",
            "license": "MIT",
            "peerDependencies": {
                "graphql": "^0.8.0 || ^0.9.0 || ^0.10.0 || ^0.11.0 || ^0.12.0 || ^0.13.0 || ^14.0.0 || ^15.0.0 || ^16.0.0 || ^17.0.0"
            }
        },
        "node_modules/@jridgewell/gen-mapping": {
            "version": "0.3.3",
            "resolved": "https://registry.npmjs.org/@jridgewell/gen-mapping/-/gen-mapping-0.3.3.tgz",
            "integrity": "sha512-HLhSWOLRi875zjjMG/r+Nv0oCW8umGb0BgEhyX3dDX3egwZtB8PqLnjz3yedt8R5StBrzcg4aBpnh8UA9D1BoQ==",
            "dev": true,
            "optional": true,
            "peer": true,
            "dependencies": {
                "@jridgewell/set-array": "^1.0.1",
                "@jridgewell/sourcemap-codec": "^1.4.10",
                "@jridgewell/trace-mapping": "^0.3.9"
            },
            "engines": {
                "node": ">=6.0.0"
            }
        },
        "node_modules/@jridgewell/resolve-uri": {
            "version": "3.1.1",
            "resolved": "https://registry.npmjs.org/@jridgewell/resolve-uri/-/resolve-uri-3.1.1.tgz",
            "integrity": "sha512-dSYZh7HhCDtCKm4QakX0xFpsRDqjjtZf/kjI/v3T3Nwt5r8/qz/M19F9ySyOqU94SXBmeG9ttTul+YnR4LOxFA==",
            "dev": true,
            "optional": true,
            "peer": true,
            "engines": {
                "node": ">=6.0.0"
            }
        },
        "node_modules/@jridgewell/set-array": {
            "version": "1.1.2",
            "resolved": "https://registry.npmjs.org/@jridgewell/set-array/-/set-array-1.1.2.tgz",
            "integrity": "sha512-xnkseuNADM0gt2bs+BvhO0p78Mk762YnZdsuzFV018NoG1Sj1SCQvpSqa7XUaTam5vAGasABV9qXASMKnFMwMw==",
            "dev": true,
            "optional": true,
            "peer": true,
            "engines": {
                "node": ">=6.0.0"
            }
        },
        "node_modules/@jridgewell/source-map": {
            "version": "0.3.5",
            "resolved": "https://registry.npmjs.org/@jridgewell/source-map/-/source-map-0.3.5.tgz",
            "integrity": "sha512-UTYAUj/wviwdsMfzoSJspJxbkH5o1snzwX0//0ENX1u/55kkZZkcTZP6u9bwKGkv+dkk9at4m1Cpt0uY80kcpQ==",
            "dev": true,
            "optional": true,
            "peer": true,
            "dependencies": {
                "@jridgewell/gen-mapping": "^0.3.0",
                "@jridgewell/trace-mapping": "^0.3.9"
            }
        },
        "node_modules/@jridgewell/sourcemap-codec": {
            "version": "1.4.15",
            "resolved": "https://registry.npmjs.org/@jridgewell/sourcemap-codec/-/sourcemap-codec-1.4.15.tgz",
            "integrity": "sha512-eF2rxCRulEKXHTRiDrDy6erMYWqNw4LPdQ8UQA4huuxaQsVeRPFl2oM8oDGxMFhJUWZf9McpLtJasDDZb/Bpeg==",
            "dev": true,
            "optional": true,
            "peer": true
        },
        "node_modules/@jridgewell/trace-mapping": {
            "version": "0.3.22",
            "resolved": "https://registry.npmjs.org/@jridgewell/trace-mapping/-/trace-mapping-0.3.22.tgz",
            "integrity": "sha512-Wf963MzWtA2sjrNt+g18IAln9lKnlRp+K2eH4jjIoF1wYeq3aMREpG09xhlhdzS0EjwU7qmUJYangWa+151vZw==",
            "dev": true,
            "optional": true,
            "peer": true,
            "dependencies": {
                "@jridgewell/resolve-uri": "^3.1.0",
                "@jridgewell/sourcemap-codec": "^1.4.14"
            }
        },
        "node_modules/@types/node": {
            "version": "20.11.5",
            "resolved": "https://registry.npmjs.org/@types/node/-/node-20.11.5.tgz",
            "integrity": "sha512-g557vgQjUUfN76MZAN/dt1z3dzcUsimuysco0KeluHgrPdJXkP/XdAURgyO2W9fZWHRtRBiVKzKn8vyOAwlG+w==",
            "dev": true,
            "optional": true,
            "peer": true,
            "dependencies": {
                "undici-types": "~5.26.4"
            }
        },
        "node_modules/@vue/reactivity": {
            "version": "3.1.5",
            "resolved": "https://registry.npmjs.org/@vue/reactivity/-/reactivity-3.1.5.tgz",
            "integrity": "sha512-1tdfLmNjWG6t/CsPldh+foumYFo3cpyCHgBYQ34ylaMsJ+SNHQ1kApMIa8jN+i593zQuaw3AdWH0nJTARzCFhg==",
            "dependencies": {
                "@vue/shared": "3.1.5"
            }
        },
        "node_modules/@vue/shared": {
            "version": "3.1.5",
            "resolved": "https://registry.npmjs.org/@vue/shared/-/shared-3.1.5.tgz",
            "integrity": "sha512-oJ4F3TnvpXaQwZJNF3ZK+kLPHKarDmJjJ6jyzVNDKH9md1dptjC7lWR//jrGuLdek/U6iltWxqAnYOu8gCiOvA=="
        },
        "node_modules/@wry/context": {
            "version": "0.7.4",
            "license": "MIT",
            "dependencies": {
                "tslib": "^2.3.0"
            },
            "engines": {
                "node": ">=8"
            }
        },
        "node_modules/@wry/equality": {
            "version": "0.5.7",
            "license": "MIT",
            "dependencies": {
                "tslib": "^2.3.0"
            },
            "engines": {
                "node": ">=8"
            }
        },
        "node_modules/@wry/trie": {
            "version": "0.4.3",
            "license": "MIT",
            "dependencies": {
                "tslib": "^2.3.0"
            },
            "engines": {
                "node": ">=8"
            }
        },
        "node_modules/acorn": {
            "version": "8.11.3",
            "resolved": "https://registry.npmjs.org/acorn/-/acorn-8.11.3.tgz",
            "integrity": "sha512-Y9rRfJG5jcKOE0CLisYbojUjIrIEE7AGMzA/Sm4BslANhbS+cDMpgBdcPT91oJ7OuJ9hYJBx59RjbhxVnrF8Xg==",
            "dev": true,
            "optional": true,
            "peer": true,
            "bin": {
                "acorn": "bin/acorn"
            },
            "engines": {
                "node": ">=0.4.0"
            }
        },
        "node_modules/alpinejs": {
            "version": "3.13.4",
            "resolved": "https://registry.npmjs.org/alpinejs/-/alpinejs-3.13.4.tgz",
            "integrity": "sha512-+miZp8LXMfZKqi6L0m5TA2fk5Tr2dvxFJ3I0dL78Dz90gTXpdHu4Qhv7PJsRmTGRUWjbYh2e+3DYrB4it2DEHQ==",
            "dependencies": {
                "@vue/reactivity": "~3.1.1"
            }
        },
        "node_modules/apollo-link": {
            "version": "1.2.14",
            "license": "MIT",
            "dependencies": {
                "apollo-utilities": "^1.3.0",
                "ts-invariant": "^0.4.0",
                "tslib": "^1.9.3",
                "zen-observable-ts": "^0.8.21"
            },
            "peerDependencies": {
                "graphql": "^0.11.3 || ^0.12.3 || ^0.13.0 || ^14.0.0 || ^15.0.0"
            }
        },
        "node_modules/apollo-link/node_modules/ts-invariant": {
            "version": "0.4.4",
            "license": "MIT",
            "dependencies": {
                "tslib": "^1.9.3"
            }
        },
        "node_modules/apollo-link/node_modules/tslib": {
            "version": "1.14.1",
            "license": "0BSD"
        },
        "node_modules/apollo-link/node_modules/zen-observable-ts": {
            "version": "0.8.21",
            "license": "MIT",
            "dependencies": {
                "tslib": "^1.9.3",
                "zen-observable": "^0.8.0"
            }
        },
        "node_modules/apollo-utilities": {
            "version": "1.3.4",
            "license": "MIT",
            "dependencies": {
                "@wry/equality": "^0.1.2",
                "fast-json-stable-stringify": "^2.0.0",
                "ts-invariant": "^0.4.0",
                "tslib": "^1.10.0"
            },
            "peerDependencies": {
                "graphql": "^0.11.0 || ^0.12.0 || ^0.13.0 || ^14.0.0 || ^15.0.0"
            }
        },
        "node_modules/apollo-utilities/node_modules/@wry/equality": {
            "version": "0.1.11",
            "license": "MIT",
            "dependencies": {
                "tslib": "^1.9.3"
            }
        },
        "node_modules/apollo-utilities/node_modules/ts-invariant": {
            "version": "0.4.4",
            "license": "MIT",
            "dependencies": {
                "tslib": "^1.9.3"
            }
        },
        "node_modules/apollo-utilities/node_modules/tslib": {
            "version": "1.14.1",
            "license": "0BSD"
        },
        "node_modules/async": {
            "version": "3.2.5",
            "license": "MIT"
        },
        "node_modules/asynckit": {
            "version": "0.4.0",
            "dev": true,
            "license": "MIT"
        },
        "node_modules/axios": {
            "version": "1.6.2",
            "dev": true,
            "license": "MIT",
            "dependencies": {
                "follow-redirects": "^1.15.0",
                "form-data": "^4.0.0",
                "proxy-from-env": "^1.1.0"
            }
        },
        "node_modules/buffer-from": {
            "version": "1.1.2",
            "resolved": "https://registry.npmjs.org/buffer-from/-/buffer-from-1.1.2.tgz",
            "integrity": "sha512-E+XQCRwSbaaiChtv6k6Dwgc+bx+Bs6vuKJHHl5kox/BaKbhiXzqQOwK4cO22yElGp2OCmjwVhT3HmxgyPGnJfQ==",
            "dev": true,
            "optional": true,
            "peer": true
        },
        "node_modules/combined-stream": {
            "version": "1.0.8",
            "dev": true,
            "license": "MIT",
            "dependencies": {
                "delayed-stream": "~1.0.0"
            },
            "engines": {
                "node": ">= 0.8"
            }
        },
        "node_modules/commander": {
            "version": "2.20.3",
            "resolved": "https://registry.npmjs.org/commander/-/commander-2.20.3.tgz",
            "integrity": "sha512-GpVkmM8vF2vQUkj2LvZmD35JxeJOLCwJ9cUkugyk2nuhbv3+mJvpLYYt+0+USMxE+oj+ey/lJEnhZw75x/OMcQ==",
            "dev": true,
            "optional": true,
            "peer": true
        },
        "node_modules/delayed-stream": {
            "version": "1.0.0",
            "dev": true,
            "license": "MIT",
            "engines": {
                "node": ">=0.4.0"
            }
        },
        "node_modules/duplexer": {
            "version": "0.1.2",
            "license": "MIT"
        },
        "node_modules/esbuild": {
            "version": "0.18.20",
            "dev": true,
            "hasInstallScript": true,
            "license": "MIT",
            "bin": {
                "esbuild": "bin/esbuild"
            },
            "engines": {
                "node": ">=12"
            },
            "optionalDependencies": {
                "@esbuild/android-arm": "0.18.20",
                "@esbuild/android-arm64": "0.18.20",
                "@esbuild/android-x64": "0.18.20",
                "@esbuild/darwin-arm64": "0.18.20",
                "@esbuild/darwin-x64": "0.18.20",
                "@esbuild/freebsd-arm64": "0.18.20",
                "@esbuild/freebsd-x64": "0.18.20",
                "@esbuild/linux-arm": "0.18.20",
                "@esbuild/linux-arm64": "0.18.20",
                "@esbuild/linux-ia32": "0.18.20",
                "@esbuild/linux-loong64": "0.18.20",
                "@esbuild/linux-mips64el": "0.18.20",
                "@esbuild/linux-ppc64": "0.18.20",
                "@esbuild/linux-riscv64": "0.18.20",
                "@esbuild/linux-s390x": "0.18.20",
                "@esbuild/linux-x64": "0.18.20",
                "@esbuild/netbsd-x64": "0.18.20",
                "@esbuild/openbsd-x64": "0.18.20",
                "@esbuild/sunos-x64": "0.18.20",
                "@esbuild/win32-arm64": "0.18.20",
                "@esbuild/win32-ia32": "0.18.20",
                "@esbuild/win32-x64": "0.18.20"
            }
        },
        "node_modules/event-stream": {
            "version": "4.0.1",
            "license": "MIT",
            "dependencies": {
                "duplexer": "^0.1.1",
                "from": "^0.1.7",
                "map-stream": "0.0.7",
                "pause-stream": "^0.0.11",
                "split": "^1.0.1",
                "stream-combiner": "^0.2.2",
                "through": "^2.3.8"
            }
        },
        "node_modules/fast-json-stable-stringify": {
            "version": "2.1.0",
            "license": "MIT"
        },
        "node_modules/follow-redirects": {
            "version": "1.15.5",
            "resolved": "https://registry.npmjs.org/follow-redirects/-/follow-redirects-1.15.5.tgz",
            "integrity": "sha512-vSFWUON1B+yAw1VN4xMfxgn5fTUiaOzAJCKBwIIgT/+7CuGy9+r+5gITvP62j3RmaD5Ph65UaERdOSRGUzZtgw==",
            "dev": true,
            "funding": [
                {
                    "type": "individual",
                    "url": "https://github.com/sponsors/RubenVerborgh"
                }
            ],
            "engines": {
                "node": ">=4.0"
            },
            "peerDependenciesMeta": {
                "debug": {
                    "optional": true
                }
            }
        },
        "node_modules/form-data": {
            "version": "4.0.0",
            "dev": true,
            "license": "MIT",
            "dependencies": {
                "asynckit": "^0.4.0",
                "combined-stream": "^1.0.8",
                "mime-types": "^2.1.12"
            },
            "engines": {
                "node": ">= 6"
            }
        },
        "node_modules/from": {
            "version": "0.1.7",
            "license": "MIT"
        },
        "node_modules/fsevents": {
            "version": "2.3.3",
            "dev": true,
            "license": "MIT",
            "optional": true,
            "os": [
                "darwin"
            ],
            "engines": {
                "node": "^8.16.0 || ^10.6.0 || >=11.0.0"
            }
        },
        "node_modules/graphql": {
            "version": "15.8.0",
            "license": "MIT",
            "peer": true,
            "engines": {
                "node": ">= 10.x"
            }
        },
        "node_modules/graphql-tag": {
            "version": "2.12.6",
            "license": "MIT",
            "dependencies": {
                "tslib": "^2.1.0"
            },
            "engines": {
                "node": ">=10"
            },
            "peerDependencies": {
                "graphql": "^0.9.0 || ^0.10.0 || ^0.11.0 || ^0.12.0 || ^0.13.0 || ^14.0.0 || ^15.0.0 || ^16.0.0"
            }
        },
        "node_modules/hoist-non-react-statics": {
            "version": "3.3.2",
            "license": "BSD-3-Clause",
            "dependencies": {
                "react-is": "^16.7.0"
            }
        },
        "node_modules/js-cookie": {
            "version": "3.0.5",
            "resolved": "https://registry.npmjs.org/js-cookie/-/js-cookie-3.0.5.tgz",
            "integrity": "sha512-cEiJEAEoIbWfCZYKWhVwFuvPX1gETRYPw6LlaTKoxD3s2AkXzkCjnp6h0V77ozyqj0jakteJ4YqDJT830+lVGw==",
            "engines": {
                "node": ">=14"
            }
        },
        "node_modules/js-tokens": {
            "version": "4.0.0",
            "license": "MIT"
        },
        "node_modules/laravel-echo": {
            "version": "1.15.3",
            "resolved": "https://registry.npmjs.org/laravel-echo/-/laravel-echo-1.15.3.tgz",
            "integrity": "sha512-SRXzccaat6w4qKgZ4/rjFKr3nJfVxB+ly4V0MEJNIF1/TpERNXepo3uk7NnOjBGsiV/np1fl2XitAzW4Sa1s/w==",
            "engines": {
                "node": ">=10"
            }
        },
        "node_modules/laravel-vite-plugin": {
            "version": "0.8.1",
            "dev": true,
            "license": "MIT",
            "dependencies": {
                "picocolors": "^1.0.0",
                "vite-plugin-full-reload": "^1.0.5"
            },
            "engines": {
                "node": ">=14"
            },
            "peerDependencies": {
                "vite": "^3.0.0 || ^4.0.0"
            }
        },
        "node_modules/lodash.assign": {
            "version": "4.2.0",
            "license": "MIT"
        },
        "node_modules/loose-envify": {
            "version": "1.4.0",
            "license": "MIT",
            "dependencies": {
                "js-tokens": "^3.0.0 || ^4.0.0"
            },
            "bin": {
                "loose-envify": "cli.js"
            }
        },
        "node_modules/map-stream": {
            "version": "0.0.7",
            "license": "MIT"
        },
        "node_modules/mime-db": {
            "version": "1.52.0",
            "dev": true,
            "license": "MIT",
            "engines": {
                "node": ">= 0.6"
            }
        },
        "node_modules/mime-types": {
            "version": "2.1.35",
            "dev": true,
            "license": "MIT",
            "dependencies": {
                "mime-db": "1.52.0"
            },
            "engines": {
                "node": ">= 0.6"
            }
        },
        "node_modules/mingo": {
            "version": "6.4.9",
            "license": "MIT"
        },
        "node_modules/nanoid": {
            "version": "3.3.7",
            "dev": true,
            "funding": [
                {
                    "type": "github",
                    "url": "https://github.com/sponsors/ai"
                }
            ],
            "license": "MIT",
            "bin": {
                "nanoid": "bin/nanoid.cjs"
            },
            "engines": {
                "node": "^10 || ^12 || ^13.7 || ^14 || >=15.0.1"
            }
        },
        "node_modules/object-assign": {
            "version": "4.1.1",
            "license": "MIT",
            "engines": {
                "node": ">=0.10.0"
            }
        },
        "node_modules/optimism": {
            "version": "0.17.5",
            "license": "MIT",
            "dependencies": {
                "@wry/context": "^0.7.0",
                "@wry/trie": "^0.4.3",
                "tslib": "^2.3.0"
            }
        },
        "node_modules/pause-stream": {
            "version": "0.0.11",
            "license": [
                "MIT",
                "Apache2"
            ],
            "dependencies": {
                "through": "~2.3"
            }
        },
        "node_modules/picocolors": {
            "version": "1.0.0",
            "dev": true,
            "license": "ISC"
        },
        "node_modules/picomatch": {
            "version": "2.3.1",
            "dev": true,
            "license": "MIT",
            "engines": {
                "node": ">=8.6"
            },
            "funding": {
                "url": "https://github.com/sponsors/jonschlinkert"
            }
        },
        "node_modules/postcss": {
            "version": "8.4.31",
            "dev": true,
            "funding": [
                {
                    "type": "opencollective",
                    "url": "https://opencollective.com/postcss/"
                },
                {
                    "type": "tidelift",
                    "url": "https://tidelift.com/funding/github/npm/postcss"
                },
                {
                    "type": "github",
                    "url": "https://github.com/sponsors/ai"
                }
            ],
            "license": "MIT",
            "dependencies": {
                "nanoid": "^3.3.6",
                "picocolors": "^1.0.0",
                "source-map-js": "^1.0.2"
            },
            "engines": {
                "node": "^10 || ^12 || >=14"
            }
        },
        "node_modules/prop-types": {
            "version": "15.8.1",
            "license": "MIT",
            "dependencies": {
                "loose-envify": "^1.4.0",
                "object-assign": "^4.1.1",
                "react-is": "^16.13.1"
            }
        },
        "node_modules/proxy-from-env": {
            "version": "1.1.0",
            "dev": true,
            "license": "MIT"
        },
        "node_modules/pusher-js": {
            "version": "8.3.0",
            "resolved": "https://registry.npmjs.org/pusher-js/-/pusher-js-8.3.0.tgz",
            "integrity": "sha512-6GohP06WlVeomAQQe9qWh1IDzd3+InluWt+ZUOcecVK1SEQkg6a8uYVsvxSJm7cbccfmHhE0jDkmhKIhue8vmA==",
            "dev": true,
            "dependencies": {
                "tweetnacl": "^1.0.3"
            }
        },
        "node_modules/react": {
            "version": "18.2.0",
            "license": "MIT",
            "dependencies": {
                "loose-envify": "^1.1.0"
            },
            "engines": {
                "node": ">=0.10.0"
            }
        },
        "node_modules/react-is": {
            "version": "16.13.1",
            "license": "MIT"
        },
        "node_modules/response-iterator": {
            "version": "0.2.6",
            "license": "MIT",
            "engines": {
                "node": ">=0.8"
            }
        },
        "node_modules/rollup": {
            "version": "3.29.4",
            "dev": true,
            "license": "MIT",
            "bin": {
                "rollup": "dist/bin/rollup"
            },
            "engines": {
                "node": ">=14.18.0",
                "npm": ">=8.0.0"
            },
            "optionalDependencies": {
                "fsevents": "~2.3.2"
            }
        },
        "node_modules/save": {
            "version": "2.9.0",
            "license": "ISC",
            "dependencies": {
                "async": "^3.2.2",
                "event-stream": "^4.0.1",
                "lodash.assign": "^4.2.0",
                "mingo": "^6.1.0"
            }
        },
        "node_modules/source-map-js": {
            "version": "1.0.2",
            "dev": true,
            "license": "BSD-3-Clause",
            "engines": {
                "node": ">=0.10.0"
            }
        },
        "node_modules/source-map-support": {
            "version": "0.5.21",
            "resolved": "https://registry.npmjs.org/source-map-support/-/source-map-support-0.5.21.tgz",
            "integrity": "sha512-uBHU3L3czsIyYXKX88fdrGovxdSCoTGDRZ6SYXtSRxLZUzHg5P/66Ht6uoUlHu9EZod+inXhKo3qQgwXUT/y1w==",
            "dev": true,
            "optional": true,
            "peer": true,
            "dependencies": {
                "buffer-from": "^1.0.0",
                "source-map": "^0.6.0"
            }
        },
        "node_modules/source-map-support/node_modules/source-map": {
            "version": "0.6.1",
            "resolved": "https://registry.npmjs.org/source-map/-/source-map-0.6.1.tgz",
            "integrity": "sha512-UjgapumWlbMhkBgzT7Ykc5YXUT46F0iKu8SGXq0bcwP5dz/h0Plj6enJqjz1Zbq2l5WaqYnrVbwWOWMyF3F47g==",
            "dev": true,
            "optional": true,
            "peer": true,
            "engines": {
                "node": ">=0.10.0"
            }
        },
        "node_modules/split": {
            "version": "1.0.1",
            "license": "MIT",
            "dependencies": {
                "through": "2"
            },
            "engines": {
                "node": "*"
            }
        },
        "node_modules/stream-combiner": {
            "version": "0.2.2",
            "license": "MIT",
            "dependencies": {
                "duplexer": "~0.1.1",
                "through": "~2.3.4"
            }
        },
        "node_modules/symbol-observable": {
            "version": "4.0.0",
            "license": "MIT",
            "engines": {
                "node": ">=0.10"
            }
        },
        "node_modules/terser": {
            "version": "5.27.0",
            "resolved": "https://registry.npmjs.org/terser/-/terser-5.27.0.tgz",
            "integrity": "sha512-bi1HRwVRskAjheeYl291n3JC4GgO/Ty4z1nVs5AAsmonJulGxpSektecnNedrwK9C7vpvVtcX3cw00VSLt7U2A==",
            "dev": true,
            "optional": true,
            "peer": true,
            "dependencies": {
                "@jridgewell/source-map": "^0.3.3",
                "acorn": "^8.8.2",
                "commander": "^2.20.0",
                "source-map-support": "~0.5.20"
            },
            "bin": {
                "terser": "bin/terser"
            },
            "engines": {
                "node": ">=10"
            }
        },
        "node_modules/through": {
            "version": "2.3.8",
            "license": "MIT"
        },
        "node_modules/ts-invariant": {
            "version": "0.10.3",
            "license": "MIT",
            "dependencies": {
                "tslib": "^2.1.0"
            },
            "engines": {
                "node": ">=8"
            }
        },
        "node_modules/tslib": {
            "version": "2.6.2",
            "license": "0BSD"
        },
        "node_modules/tweetnacl": {
            "version": "1.0.3",
            "dev": true,
            "license": "Unlicense"
        },
        "node_modules/undici-types": {
            "version": "5.26.5",
            "resolved": "https://registry.npmjs.org/undici-types/-/undici-types-5.26.5.tgz",
            "integrity": "sha512-JlCMO+ehdEIKqlFxk6IfVoAUVmgz7cU7zD/h9XZ0qzeosSHmUJVOzSQvvYSYWXkFXC+IfLKSIffhv0sVZup6pA==",
            "dev": true,
            "optional": true,
            "peer": true
        },
        "node_modules/vite": {
            "version": "4.5.2",
            "resolved": "https://registry.npmjs.org/vite/-/vite-4.5.2.tgz",
            "integrity": "sha512-tBCZBNSBbHQkaGyhGCDUGqeo2ph8Fstyp6FMSvTtsXeZSPpSMGlviAOav2hxVTqFcx8Hj/twtWKsMJXNY0xI8w==",
            "dev": true,
            "dependencies": {
                "esbuild": "^0.18.10",
                "postcss": "^8.4.27",
                "rollup": "^3.27.1"
            },
            "bin": {
                "vite": "bin/vite.js"
            },
            "engines": {
                "node": "^14.18.0 || >=16.0.0"
            },
            "funding": {
                "url": "https://github.com/vitejs/vite?sponsor=1"
            },
            "optionalDependencies": {
                "fsevents": "~2.3.2"
            },
            "peerDependencies": {
                "@types/node": ">= 14",
                "less": "*",
                "lightningcss": "^1.21.0",
                "sass": "*",
                "stylus": "*",
                "sugarss": "*",
                "terser": "^5.4.0"
            },
            "peerDependenciesMeta": {
                "@types/node": {
                    "optional": true
                },
                "less": {
                    "optional": true
                },
                "lightningcss": {
                    "optional": true
                },
                "sass": {
                    "optional": true
                },
                "stylus": {
                    "optional": true
                },
                "sugarss": {
                    "optional": true
                },
                "terser": {
                    "optional": true
                }
            }
        },
        "node_modules/vite-plugin-full-reload": {
            "version": "1.0.5",
            "dev": true,
            "license": "MIT",
            "dependencies": {
                "picocolors": "^1.0.0",
                "picomatch": "^2.3.1"
            },
            "peerDependencies": {
                "vite": "^2 || ^3 || ^4"
            }
        },
        "node_modules/zen-observable": {
            "version": "0.8.15",
            "license": "MIT"
        },
        "node_modules/zen-observable-ts": {
            "version": "1.2.5",
            "license": "MIT",
            "dependencies": {
                "zen-observable": "0.8.15"
            }
        }
    }
}
