{
    "name": "innofurn",
    "lockfileVersion": 3,
    "requires": true,
    "packages": {
        "": {
            "dependencies": {
                "-": "^0.0.1",
                "@apollo/client": "^3.8.7",
                "apollo-link": "^1.2.14",
                "graphql-tag": "^2.12.6",
                "react": "^18.2.0",
                "save": "^2.9.0"
            },
            "devDependencies": {
                "axios": "^1.1.2",
                "laravel-vite-plugin": "^0.8.0",
                "pusher-js": "^8.3.0",
                "vite": "^4.0.0"
            }
        },
        "node_modules/-": {
            "version": "0.0.1",
            "license": "UNLICENSED"
        },
        "node_modules/@apollo/client": {
            "version": "3.8.7",
            "license": "MIT",
            "dependencies": {
                "@graphql-typed-document-node/core": "^3.1.1",
                "@wry/context": "^0.7.3",
                "@wry/equality": "^0.5.6",
                "@wry/trie": "^0.4.3",
                "graphql-tag": "^2.12.6",
                "hoist-non-react-statics": "^3.3.2",
                "optimism": "^0.17.5",
                "prop-types": "^15.7.2",
                "response-iterator": "^0.2.6",
                "symbol-observable": "^4.0.0",
                "ts-invariant": "^0.10.3",
                "tslib": "^2.3.0",
                "zen-observable-ts": "^1.2.5"
            },
            "peerDependencies": {
                "graphql": "^14.0.0 || ^15.0.0 || ^16.0.0",
                "graphql-ws": "^5.5.5",
                "react": "^16.8.0 || ^17.0.0 || ^18.0.0",
                "react-dom": "^16.8.0 || ^17.0.0 || ^18.0.0",
                "subscriptions-transport-ws": "^0.9.0 || ^0.11.0"
            },
            "peerDependenciesMeta": {
                "graphql-ws": {
                    "optional": true
                },
                "react": {
                    "optional": true
                },
                "react-dom": {
                    "optional": true
                },
                "subscriptions-transport-ws": {
                    "optional": true
                }
            }
        },
        "node_modules/@esbuild/darwin-arm64": {
            "version": "0.18.20",
            "cpu": [
                "arm64"
            ],
            "dev": true,
            "license": "MIT",
            "optional": true,
            "os": [
                "darwin"
            ],
            "engines": {
                "node": ">=12"
            }
        },
        "node_modules/@graphql-typed-document-node/core": {
            "version": "3.2.0",
            "license": "MIT",
            "peerDependencies": {
                "graphql": "^0.8.0 || ^0.9.0 || ^0.10.0 || ^0.11.0 || ^0.12.0 || ^0.13.0 || ^14.0.0 || ^15.0.0 || ^16.0.0 || ^17.0.0"
            }
        },
        "node_modules/@wry/context": {
            "version": "0.7.4",
            "license": "MIT",
            "dependencies": {
                "tslib": "^2.3.0"
            },
            "engines": {
                "node": ">=8"
            }
        },
        "node_modules/@wry/equality": {
            "version": "0.5.7",
            "license": "MIT",
            "dependencies": {
                "tslib": "^2.3.0"
            },
            "engines": {
                "node": ">=8"
            }
        },
        "node_modules/@wry/trie": {
            "version": "0.4.3",
            "license": "MIT",
            "dependencies": {
                "tslib": "^2.3.0"
            },
            "engines": {
                "node": ">=8"
            }
        },
        "node_modules/apollo-link": {
            "version": "1.2.14",
            "license": "MIT",
            "dependencies": {
                "apollo-utilities": "^1.3.0",
                "ts-invariant": "^0.4.0",
                "tslib": "^1.9.3",
                "zen-observable-ts": "^0.8.21"
            },
            "peerDependencies": {
                "graphql": "^0.11.3 || ^0.12.3 || ^0.13.0 || ^14.0.0 || ^15.0.0"
            }
        },
        "node_modules/apollo-link/node_modules/ts-invariant": {
            "version": "0.4.4",
            "license": "MIT",
            "dependencies": {
                "tslib": "^1.9.3"
            }
        },
        "node_modules/apollo-link/node_modules/tslib": {
            "version": "1.14.1",
            "license": "0BSD"
        },
        "node_modules/apollo-link/node_modules/zen-observable-ts": {
            "version": "0.8.21",
            "license": "MIT",
            "dependencies": {
                "tslib": "^1.9.3",
                "zen-observable": "^0.8.0"
            }
        },
        "node_modules/apollo-utilities": {
            "version": "1.3.4",
            "license": "MIT",
            "dependencies": {
                "@wry/equality": "^0.1.2",
                "fast-json-stable-stringify": "^2.0.0",
                "ts-invariant": "^0.4.0",
                "tslib": "^1.10.0"
            },
            "peerDependencies": {
                "graphql": "^0.11.0 || ^0.12.0 || ^0.13.0 || ^14.0.0 || ^15.0.0"
            }
        },
        "node_modules/apollo-utilities/node_modules/@wry/equality": {
            "version": "0.1.11",
            "license": "MIT",
            "dependencies": {
                "tslib": "^1.9.3"
            }
        },
        "node_modules/apollo-utilities/node_modules/ts-invariant": {
            "version": "0.4.4",
            "license": "MIT",
            "dependencies": {
                "tslib": "^1.9.3"
            }
        },
        "node_modules/apollo-utilities/node_modules/tslib": {
            "version": "1.14.1",
            "license": "0BSD"
        },
        "node_modules/async": {
            "version": "3.2.5",
            "license": "MIT"
        },
        "node_modules/asynckit": {
            "version": "0.4.0",
            "dev": true,
            "license": "MIT"
        },
        "node_modules/axios": {
            "version": "1.6.2",
            "dev": true,
            "license": "MIT",
            "dependencies": {
                "follow-redirects": "^1.15.0",
                "form-data": "^4.0.0",
                "proxy-from-env": "^1.1.0"
            }
        },
        "node_modules/combined-stream": {
            "version": "1.0.8",
            "dev": true,
            "license": "MIT",
            "dependencies": {
                "delayed-stream": "~1.0.0"
            },
            "engines": {
                "node": ">= 0.8"
            }
        },
        "node_modules/delayed-stream": {
            "version": "1.0.0",
            "dev": true,
            "license": "MIT",
            "engines": {
                "node": ">=0.4.0"
            }
        },
        "node_modules/duplexer": {
            "version": "0.1.2",
            "license": "MIT"
        },
        "node_modules/esbuild": {
            "version": "0.18.20",
            "dev": true,
            "hasInstallScript": true,
            "license": "MIT",
            "bin": {
                "esbuild": "bin/esbuild"
            },
            "engines": {
                "node": ">=12"
            },
            "optionalDependencies": {
                "@esbuild/android-arm": "0.18.20",
                "@esbuild/android-arm64": "0.18.20",
                "@esbuild/android-x64": "0.18.20",
                "@esbuild/darwin-arm64": "0.18.20",
                "@esbuild/darwin-x64": "0.18.20",
                "@esbuild/freebsd-arm64": "0.18.20",
                "@esbuild/freebsd-x64": "0.18.20",
                "@esbuild/linux-arm": "0.18.20",
                "@esbuild/linux-arm64": "0.18.20",
                "@esbuild/linux-ia32": "0.18.20",
                "@esbuild/linux-loong64": "0.18.20",
                "@esbuild/linux-mips64el": "0.18.20",
                "@esbuild/linux-ppc64": "0.18.20",
                "@esbuild/linux-riscv64": "0.18.20",
                "@esbuild/linux-s390x": "0.18.20",
                "@esbuild/linux-x64": "0.18.20",
                "@esbuild/netbsd-x64": "0.18.20",
                "@esbuild/openbsd-x64": "0.18.20",
                "@esbuild/sunos-x64": "0.18.20",
                "@esbuild/win32-arm64": "0.18.20",
                "@esbuild/win32-ia32": "0.18.20",
                "@esbuild/win32-x64": "0.18.20"
            }
        },
        "node_modules/event-stream": {
            "version": "4.0.1",
            "license": "MIT",
            "dependencies": {
                "duplexer": "^0.1.1",
                "from": "^0.1.7",
                "map-stream": "0.0.7",
                "pause-stream": "^0.0.11",
                "split": "^1.0.1",
                "stream-combiner": "^0.2.2",
                "through": "^2.3.8"
            }
        },
        "node_modules/fast-json-stable-stringify": {
            "version": "2.1.0",
            "license": "MIT"
        },
        "node_modules/follow-redirects": {
            "version": "1.15.3",
            "dev": true,
            "funding": [
                {
                    "type": "individual",
                    "url": "https://github.com/sponsors/RubenVerborgh"
                }
            ],
            "license": "MIT",
            "engines": {
                "node": ">=4.0"
            },
            "peerDependenciesMeta": {
                "debug": {
                    "optional": true
                }
            }
        },
        "node_modules/form-data": {
            "version": "4.0.0",
            "dev": true,
            "license": "MIT",
            "dependencies": {
                "asynckit": "^0.4.0",
                "combined-stream": "^1.0.8",
                "mime-types": "^2.1.12"
            },
            "engines": {
                "node": ">= 6"
            }
        },
        "node_modules/from": {
            "version": "0.1.7",
            "license": "MIT"
        },
        "node_modules/fsevents": {
            "version": "2.3.3",
            "dev": true,
            "license": "MIT",
            "optional": true,
            "os": [
                "darwin"
            ],
            "engines": {
                "node": "^8.16.0 || ^10.6.0 || >=11.0.0"
            }
        },
        "node_modules/graphql": {
            "version": "15.8.0",
            "license": "MIT",
            "peer": true,
            "engines": {
                "node": ">= 10.x"
            }
        },
        "node_modules/graphql-tag": {
            "version": "2.12.6",
            "license": "MIT",
            "dependencies": {
                "tslib": "^2.1.0"
            },
            "engines": {
                "node": ">=10"
            },
            "peerDependencies": {
                "graphql": "^0.9.0 || ^0.10.0 || ^0.11.0 || ^0.12.0 || ^0.13.0 || ^14.0.0 || ^15.0.0 || ^16.0.0"
            }
        },
        "node_modules/hoist-non-react-statics": {
            "version": "3.3.2",
            "license": "BSD-3-Clause",
            "dependencies": {
                "react-is": "^16.7.0"
            }
        },
        "node_modules/js-tokens": {
            "version": "4.0.0",
            "license": "MIT"
        },
        "node_modules/laravel-vite-plugin": {
            "version": "0.8.1",
            "dev": true,
            "license": "MIT",
            "dependencies": {
                "picocolors": "^1.0.0",
                "vite-plugin-full-reload": "^1.0.5"
            },
            "engines": {
                "node": ">=14"
            },
            "peerDependencies": {
                "vite": "^3.0.0 || ^4.0.0"
            }
        },
        "node_modules/lodash.assign": {
            "version": "4.2.0",
            "license": "MIT"
        },
        "node_modules/loose-envify": {
            "version": "1.4.0",
            "license": "MIT",
            "dependencies": {
                "js-tokens": "^3.0.0 || ^4.0.0"
            },
            "bin": {
                "loose-envify": "cli.js"
            }
        },
        "node_modules/map-stream": {
            "version": "0.0.7",
            "license": "MIT"
        },
        "node_modules/mime-db": {
            "version": "1.52.0",
            "dev": true,
            "license": "MIT",
            "engines": {
                "node": ">= 0.6"
            }
        },
        "node_modules/mime-types": {
            "version": "2.1.35",
            "dev": true,
            "license": "MIT",
            "dependencies": {
                "mime-db": "1.52.0"
            },
            "engines": {
                "node": ">= 0.6"
            }
        },
        "node_modules/mingo": {
            "version": "6.4.9",
            "license": "MIT"
        },
        "node_modules/nanoid": {
            "version": "3.3.7",
            "dev": true,
            "funding": [
                {
                    "type": "github",
                    "url": "https://github.com/sponsors/ai"
                }
            ],
            "license": "MIT",
            "bin": {
                "nanoid": "bin/nanoid.cjs"
            },
            "engines": {
                "node": "^10 || ^12 || ^13.7 || ^14 || >=15.0.1"
            }
        },
        "node_modules/object-assign": {
            "version": "4.1.1",
            "license": "MIT",
            "engines": {
                "node": ">=0.10.0"
            }
        },
        "node_modules/optimism": {
            "version": "0.17.5",
            "license": "MIT",
            "dependencies": {
                "@wry/context": "^0.7.0",
                "@wry/trie": "^0.4.3",
                "tslib": "^2.3.0"
            }
        },
        "node_modules/pause-stream": {
            "version": "0.0.11",
            "license": [
                "MIT",
                "Apache2"
            ],
            "dependencies": {
                "through": "~2.3"
            }
        },
        "node_modules/picocolors": {
            "version": "1.0.0",
            "dev": true,
            "license": "ISC"
        },
        "node_modules/picomatch": {
            "version": "2.3.1",
            "dev": true,
            "license": "MIT",
            "engines": {
                "node": ">=8.6"
            },
            "funding": {
                "url": "https://github.com/sponsors/jonschlinkert"
            }
        },
        "node_modules/postcss": {
            "version": "8.4.31",
            "dev": true,
            "funding": [
                {
                    "type": "opencollective",
                    "url": "https://opencollective.com/postcss/"
                },
                {
                    "type": "tidelift",
                    "url": "https://tidelift.com/funding/github/npm/postcss"
                },
                {
                    "type": "github",
                    "url": "https://github.com/sponsors/ai"
                }
            ],
            "license": "MIT",
            "dependencies": {
                "nanoid": "^3.3.6",
                "picocolors": "^1.0.0",
                "source-map-js": "^1.0.2"
            },
            "engines": {
                "node": "^10 || ^12 || >=14"
            }
        },
        "node_modules/prop-types": {
            "version": "15.8.1",
            "license": "MIT",
            "dependencies": {
                "loose-envify": "^1.4.0",
                "object-assign": "^4.1.1",
                "react-is": "^16.13.1"
            }
        },
        "node_modules/proxy-from-env": {
            "version": "1.1.0",
            "dev": true,
            "license": "MIT"
        },
        "node_modules/pusher-js": {
            "version": "8.3.0",
            "dev": true,
            "license": "MIT",
            "dependencies": {
                "tweetnacl": "^1.0.3"
            }
        },
        "node_modules/react": {
            "version": "18.2.0",
            "license": "MIT",
            "dependencies": {
                "loose-envify": "^1.1.0"
            },
            "engines": {
                "node": ">=0.10.0"
            }
        },
        "node_modules/react-is": {
            "version": "16.13.1",
            "license": "MIT"
        },
        "node_modules/response-iterator": {
            "version": "0.2.6",
            "license": "MIT",
            "engines": {
                "node": ">=0.8"
            }
        },
        "node_modules/rollup": {
            "version": "3.29.4",
            "dev": true,
            "license": "MIT",
            "bin": {
                "rollup": "dist/bin/rollup"
            },
            "engines": {
                "node": ">=14.18.0",
                "npm": ">=8.0.0"
            },
            "optionalDependencies": {
                "fsevents": "~2.3.2"
            }
        },
        "node_modules/save": {
            "version": "2.9.0",
            "license": "ISC",
            "dependencies": {
                "async": "^3.2.2",
                "event-stream": "^4.0.1",
                "lodash.assign": "^4.2.0",
                "mingo": "^6.1.0"
            }
        },
        "node_modules/source-map-js": {
            "version": "1.0.2",
            "dev": true,
            "license": "BSD-3-Clause",
            "engines": {
                "node": ">=0.10.0"
            }
        },
        "node_modules/split": {
            "version": "1.0.1",
            "license": "MIT",
            "dependencies": {
                "through": "2"
            },
            "engines": {
                "node": "*"
            }
        },
        "node_modules/stream-combiner": {
            "version": "0.2.2",
            "license": "MIT",
            "dependencies": {
                "duplexer": "~0.1.1",
                "through": "~2.3.4"
            }
        },
        "node_modules/symbol-observable": {
            "version": "4.0.0",
            "license": "MIT",
            "engines": {
                "node": ">=0.10"
            }
        },
        "node_modules/through": {
            "version": "2.3.8",
            "license": "MIT"
        },
        "node_modules/ts-invariant": {
            "version": "0.10.3",
            "license": "MIT",
            "dependencies": {
                "tslib": "^2.1.0"
            },
            "engines": {
                "node": ">=8"
            }
        },
        "node_modules/tslib": {
            "version": "2.6.2",
            "license": "0BSD"
        },
        "node_modules/tweetnacl": {
            "version": "1.0.3",
            "dev": true,
            "license": "Unlicense"
        },
        "node_modules/vite": {
            "version": "4.5.0",
            "dev": true,
            "license": "MIT",
            "dependencies": {
                "esbuild": "^0.18.10",
                "postcss": "^8.4.27",
                "rollup": "^3.27.1"
            },
            "bin": {
                "vite": "bin/vite.js"
            },
            "engines": {
                "node": "^14.18.0 || >=16.0.0"
            },
            "funding": {
                "url": "https://github.com/vitejs/vite?sponsor=1"
            },
            "optionalDependencies": {
                "fsevents": "~2.3.2"
            },
            "peerDependencies": {
                "@types/node": ">= 14",
                "less": "*",
                "lightningcss": "^1.21.0",
                "sass": "*",
                "stylus": "*",
                "sugarss": "*",
                "terser": "^5.4.0"
            },
            "peerDependenciesMeta": {
                "@types/node": {
                    "optional": true
                },
                "less": {
                    "optional": true
                },
                "lightningcss": {
                    "optional": true
                },
                "sass": {
                    "optional": true
                },
                "stylus": {
                    "optional": true
                },
                "sugarss": {
                    "optional": true
                },
                "terser": {
                    "optional": true
                }
            }
        },
        "node_modules/vite-plugin-full-reload": {
            "version": "1.0.5",
            "dev": true,
            "license": "MIT",
            "dependencies": {
                "picocolors": "^1.0.0",
                "picomatch": "^2.3.1"
            },
            "peerDependencies": {
                "vite": "^2 || ^3 || ^4"
            }
        },
        "node_modules/zen-observable": {
            "version": "0.8.15",
            "license": "MIT"
        },
        "node_modules/zen-observable-ts": {
            "version": "1.2.5",
            "license": "MIT",
            "dependencies": {
                "zen-observable": "0.8.15"
            }
        }
    }
}
